<?xml version="1.0" encoding="utf-8"?>
<Project ToolsVersion="4.0" xmlns="http://schemas.microsoft.com/developer/msbuild/2003">
  <ItemGroup>
    <Filter Include="源文件">
      <UniqueIdentifier>{4FC737F1-C7A5-4376-A066-2A32D752A2FF}</UniqueIdentifier>
      <Extensions>cpp;c;cc;cxx;def;odl;idl;hpj;bat;asm;asmx</Extensions>
    </Filter>
    <Filter Include="头文件">
      <UniqueIdentifier>{93995380-89BD-4b04-88EB-625FBE52EBFB}</UniqueIdentifier>
      <Extensions>h;hh;hpp;hxx;hm;inl;inc;xsd</Extensions>
    </Filter>
    <Filter Include="资源文件">
      <UniqueIdentifier>{67DA6AB6-F800-4c08-8B7A-83BB121AAD01}</UniqueIdentifier>
      <Extensions>rc;ico;cur;bmp;dlg;rc2;rct;bin;rgs;gif;jpg;jpeg;jpe;resx;tiff;tif;png;wav;mfcribbon-ms</Extensions>
    </Filter>
    <Filter Include="头文件\base">
      <UniqueIdentifier>{c0549c31-bf0f-4e6a-af3b-c29814c62668}</UniqueIdentifier>
    </Filter>
    <Filter Include="头文件\servlet">
      <UniqueIdentifier>{19273deb-b073-44fb-becc-a891b82ec615}</UniqueIdentifier>
    </Filter>
    <Filter Include="头文件\service">
      <UniqueIdentifier>{b2e83387-6bc3-41f1-87d5-1f64af71ef6e}</UniqueIdentifier>
    </Filter>
    <Filter Include="头文件\base\main">
      <UniqueIdentifier>{b389516b-59d3-41bd-85e6-cae33cdc9ea2}</UniqueIdentifier>
    </Filter>
    <Filter Include="头文件\base\sys">
      <UniqueIdentifier>{e6fead82-7c81-4d16-b16b-b6a190b9e6b1}</UniqueIdentifier>
    </Filter>
    <Filter Include="头文件\service\method">
      <UniqueIdentifier>{c8dcba20-5480-4104-8221-1cc185c2f235}</UniqueIdentifier>
    </Filter>
    <Filter Include="头文件\servlet\common">
      <UniqueIdentifier>{d45df0ed-e1ff-4e79-914d-03b5505247bb}</UniqueIdentifier>
    </Filter>
    <Filter Include="头文件\servlet\tcp">
      <UniqueIdentifier>{2455e1f7-6721-42f2-9374-b7acb2642ebb}</UniqueIdentifier>
    </Filter>
    <Filter Include="头文件\servlet\log">
      <UniqueIdentifier>{17311c2c-dda5-412f-8595-a3257a351ad4}</UniqueIdentifier>
    </Filter>
    <Filter Include="头文件\servlet\config">
      <UniqueIdentifier>{8c1863d0-3a4e-468a-a744-20eda29caf27}</UniqueIdentifier>
    </Filter>
    <Filter Include="头文件\servlet\mutex">
      <UniqueIdentifier>{423e9a84-a162-4c4b-a178-d7a2f10f9237}</UniqueIdentifier>
    </Filter>
    <Filter Include="头文件\service\method\CPAcquireContext">
      <UniqueIdentifier>{b6d0c4c4-620c-423b-ad49-c643996e700d}</UniqueIdentifier>
    </Filter>
    <Filter Include="头文件\service\hash">
      <UniqueIdentifier>{d466effe-27f6-4500-8511-fd79679f2feb}</UniqueIdentifier>
    </Filter>
    <Filter Include="源文件\base">
      <UniqueIdentifier>{c0e156c1-d7ac-4d64-9c81-40d336b9c011}</UniqueIdentifier>
    </Filter>
    <Filter Include="源文件\base\main">
      <UniqueIdentifier>{a23cc25d-e71d-40d2-89fa-105673b9d625}</UniqueIdentifier>
    </Filter>
    <Filter Include="源文件\base\sys">
      <UniqueIdentifier>{dd4b9579-9dc8-4d8a-92ac-a6b7e62972be}</UniqueIdentifier>
    </Filter>
    <Filter Include="源文件\servlet">
      <UniqueIdentifier>{1524903a-bbf2-4f2a-a28b-cc633193164f}</UniqueIdentifier>
    </Filter>
    <Filter Include="源文件\servlet\method">
      <UniqueIdentifier>{988cf81d-04e9-4bbf-9e62-852021f7fb6b}</UniqueIdentifier>
    </Filter>
    <Filter Include="源文件\servlet\method\CPAcquireContext">
      <UniqueIdentifier>{8caea4f1-bb1e-46ad-b900-2b7f7ef15af8}</UniqueIdentifier>
    </Filter>
    <Filter Include="源文件\servlet\hash">
      <UniqueIdentifier>{abe6df02-01d3-4977-ad22-6881b840dd20}</UniqueIdentifier>
    </Filter>
    <Filter Include="源文件\service">
      <UniqueIdentifier>{81b1da59-c132-43a1-a8fb-57131d31f072}</UniqueIdentifier>
    </Filter>
    <Filter Include="源文件\service\common">
      <UniqueIdentifier>{98dd974f-c991-4aba-9cbc-927566665aea}</UniqueIdentifier>
    </Filter>
    <Filter Include="源文件\service\log">
      <UniqueIdentifier>{8cc47712-07f9-4e50-957f-b74d8ca9e939}</UniqueIdentifier>
    </Filter>
    <Filter Include="源文件\service\config">
      <UniqueIdentifier>{952d7c70-b574-473e-83f3-320eea36292c}</UniqueIdentifier>
    </Filter>
    <Filter Include="源文件\service\mutex">
      <UniqueIdentifier>{74d8f594-530b-4633-8e31-7e435e2abc72}</UniqueIdentifier>
    </Filter>
    <Filter Include="源文件\service\tcp">
      <UniqueIdentifier>{d2f106e7-f785-40c8-aee8-4401a7d77728}</UniqueIdentifier>
    </Filter>
  </ItemGroup>
  <ItemGroup>
    <Text Include="ReadMe.txt" />
  </ItemGroup>
  <ItemGroup>
    <ClInclude Include="common.h">
      <Filter>头文件\servlet\common</Filter>
    </ClInclude>
    <ClInclude Include="common_util.h">
      <Filter>头文件\servlet\common</Filter>
    </ClInclude>
    <ClInclude Include="config.h">
      <Filter>头文件\servlet\config</Filter>
    </ClInclude>
    <ClInclude Include="csp.h">
      <Filter>头文件\base\main</Filter>
    </ClInclude>
    <ClInclude Include="cspdefs.h">
      <Filter>头文件\base\main</Filter>
    </ClInclude>
    <ClInclude Include="log.h">
      <Filter>头文件\servlet\log</Filter>
    </ClInclude>
    <ClInclude Include="mutex.h">
      <Filter>头文件\servlet\mutex</Filter>
    </ClInclude>
    <ClInclude Include="stdafx.h">
      <Filter>头文件\base\sys</Filter>
    </ClInclude>
    <ClInclude Include="targetver.h">
      <Filter>头文件\base\sys</Filter>
    </ClInclude>
    <ClInclude Include="tcptools.h">
      <Filter>头文件\servlet\tcp</Filter>
    </ClInclude>
    <ClInclude Include="cspService.h">
      <Filter>头文件\service\method\CPAcquireContext</Filter>
    </ClInclude>
  </ItemGroup>
  <ItemGroup>
    <ClCompile Include="common_util.cpp">
      <Filter>源文件\service\common</Filter>
    </ClCompile>
    <ClCompile Include="config.cpp">
      <Filter>源文件\service\config</Filter>
    </ClCompile>
    <ClCompile Include="cspInterface.cpp">
      <Filter>源文件\base\main</Filter>
    </ClCompile>
    <ClCompile Include="dllmain.cpp">
      <Filter>源文件\base\main</Filter>
    </ClCompile>
    <ClCompile Include="log.cpp">
      <Filter>源文件\service\log</Filter>
    </ClCompile>
    <ClCompile Include="mutex.cpp">
      <Filter>源文件\service\mutex</Filter>
    </ClCompile>
    <ClCompile Include="stdafx.cpp">
      <Filter>源文件\base\sys</Filter>
    </ClCompile>
    <ClCompile Include="tcptools.cpp">
      <Filter>源文件\service\tcp</Filter>
    </ClCompile>
    <ClCompile Include="cspService.cpp">
      <Filter>源文件\servlet\method\CPAcquireContext</Filter>
    </ClCompile>
  </ItemGroup>
  <ItemGroup>
    <None Include="Source.def">
      <Filter>源文件</Filter>
    </None>
  </ItemGroup>
</Project>