<?xml version="1.0" encoding="utf-8"?>
<Project ToolsVersion="4.0" xmlns="http://schemas.microsoft.com/developer/msbuild/2003">
  <ItemGroup>
    <Filter Include="源文件">
      <UniqueIdentifier>{4FC737F1-C7A5-4376-A066-2A32D752A2FF}</UniqueIdentifier>
      <Extensions>cpp;c;cc;cxx;def;odl;idl;hpj;bat;asm;asmx</Extensions>
    </Filter>
    <Filter Include="头文件">
      <UniqueIdentifier>{93995380-89BD-4b04-88EB-625FBE52EBFB}</UniqueIdentifier>
      <Extensions>h;hh;hpp;hxx;hm;inl;inc;xsd</Extensions>
    </Filter>
    <Filter Include="资源文件">
      <UniqueIdentifier>{67DA6AB6-F800-4c08-8B7A-83BB121AAD01}</UniqueIdentifier>
      <Extensions>rc;ico;cur;bmp;dlg;rc2;rct;bin;rgs;gif;jpg;jpeg;jpe;resx;tiff;tif;png;wav;mfcribbon-ms</Extensions>
    </Filter>
    <Filter Include="头文件\base">
      <UniqueIdentifier>{e16e73ab-1214-4327-bd46-8fc38b60c74c}</UniqueIdentifier>
    </Filter>
    <Filter Include="源文件\baseImpl">
      <UniqueIdentifier>{917da017-b4bb-432e-a5d8-cc870e4ad8a9}</UniqueIdentifier>
    </Filter>
    <Filter Include="头文件\service">
      <UniqueIdentifier>{7861969b-ea56-4756-855b-38af1e3c61d1}</UniqueIdentifier>
    </Filter>
    <Filter Include="源文件\serviceImpl">
      <UniqueIdentifier>{f1704003-c53c-4329-b009-c2a2da69e74f}</UniqueIdentifier>
    </Filter>
    <Filter Include="源文件\servletImpl">
      <UniqueIdentifier>{549ee473-b38c-4f86-96a8-62b2a9211921}</UniqueIdentifier>
    </Filter>
    <Filter Include="头文件\base\main">
      <UniqueIdentifier>{062ce5bb-e0df-4298-9e8c-6a15a1e9c659}</UniqueIdentifier>
    </Filter>
    <Filter Include="头文件\service\log">
      <UniqueIdentifier>{3d98185c-2443-4b61-a34a-0a7e55806bb5}</UniqueIdentifier>
    </Filter>
    <Filter Include="源文件\baseImpl\main">
      <UniqueIdentifier>{1c804c43-4f0c-4b83-b71c-27d29e7861f1}</UniqueIdentifier>
    </Filter>
    <Filter Include="源文件\serviceImpl\log">
      <UniqueIdentifier>{5b99e719-fb3f-488a-a45d-38fe16f38f75}</UniqueIdentifier>
    </Filter>
    <Filter Include="头文件\service\config">
      <UniqueIdentifier>{5ec085e0-6b4c-4c82-9ba8-4a4697495061}</UniqueIdentifier>
    </Filter>
    <Filter Include="源文件\serviceImpl\config">
      <UniqueIdentifier>{4320aed1-aef8-4c24-a5d4-7eaf9e53b084}</UniqueIdentifier>
    </Filter>
    <Filter Include="头文件\servlet">
      <UniqueIdentifier>{ed106bf2-14a4-49a9-adfd-17e3dad6e96b}</UniqueIdentifier>
    </Filter>
    <Filter Include="头文件\service\tcp">
      <UniqueIdentifier>{f7828962-6ff5-4dd7-a1ae-bbdcbdfc162d}</UniqueIdentifier>
    </Filter>
    <Filter Include="头文件\servlet\common">
      <UniqueIdentifier>{d42ebad2-8a49-4928-aabf-d639b24b2a42}</UniqueIdentifier>
    </Filter>
    <Filter Include="源文件\servletImpl\common">
      <UniqueIdentifier>{abc44cff-224f-4c21-ac1c-0d9a42a5b448}</UniqueIdentifier>
    </Filter>
    <Filter Include="头文件\service\mutex">
      <UniqueIdentifier>{39a238fb-d158-452d-828d-9bb4656dc2e1}</UniqueIdentifier>
    </Filter>
    <Filter Include="源文件\serviceImpl\mutex">
      <UniqueIdentifier>{011b6db2-7cde-4af2-bae9-0aad7c810917}</UniqueIdentifier>
    </Filter>
    <Filter Include="源文件\serviceImpl\tcp">
      <UniqueIdentifier>{80fd9c3e-f555-417f-9a7e-31c47b275d22}</UniqueIdentifier>
    </Filter>
    <Filter Include="头文件\service\method">
      <UniqueIdentifier>{1fbd65be-534c-4331-b092-4f2fef529f23}</UniqueIdentifier>
    </Filter>
    <Filter Include="源文件\serviceImpl\method">
      <UniqueIdentifier>{234d2779-26db-4280-ba0e-6d86755626f3}</UniqueIdentifier>
    </Filter>
    <Filter Include="头文件\base\sys">
      <UniqueIdentifier>{753fe6d6-b85b-4002-bb63-4d5376e18f68}</UniqueIdentifier>
    </Filter>
    <Filter Include="源文件\baseImpl\sys">
      <UniqueIdentifier>{7b93dda6-94bb-4e68-9e62-4a595dc47a88}</UniqueIdentifier>
    </Filter>
  </ItemGroup>
  <ItemGroup>
    <Text Include="ReadMe.txt" />
  </ItemGroup>
  <ItemGroup>
    <ClInclude Include="log.h">
      <Filter>头文件\service\log</Filter>
    </ClInclude>
    <ClInclude Include="config.h">
      <Filter>头文件\service\config</Filter>
    </ClInclude>
    <ClInclude Include="tcptools.h">
      <Filter>头文件\service\tcp</Filter>
    </ClInclude>
    <ClInclude Include="common_util.h">
      <Filter>头文件\servlet\common</Filter>
    </ClInclude>
    <ClInclude Include="mutex.h">
      <Filter>头文件\service\mutex</Filter>
    </ClInclude>
    <ClInclude Include="cspService.h">
      <Filter>头文件\service\method</Filter>
    </ClInclude>
    <ClInclude Include="csp.h">
      <Filter>头文件\base\main</Filter>
    </ClInclude>
    <ClInclude Include="stdafx.h">
      <Filter>头文件\base\sys</Filter>
    </ClInclude>
    <ClInclude Include="targetver.h">
      <Filter>头文件\base\sys</Filter>
    </ClInclude>
    <ClInclude Include="cspdefs.h">
      <Filter>头文件\base\main</Filter>
    </ClInclude>
  </ItemGroup>
  <ItemGroup>
    <ClCompile Include="log.cpp">
      <Filter>源文件\serviceImpl\log</Filter>
    </ClCompile>
    <ClCompile Include="config.cpp">
      <Filter>源文件\serviceImpl\config</Filter>
    </ClCompile>
    <ClCompile Include="tcptools.cpp">
      <Filter>源文件\serviceImpl\tcp</Filter>
    </ClCompile>
    <ClCompile Include="common_util.cpp">
      <Filter>源文件\servletImpl\common</Filter>
    </ClCompile>
    <ClCompile Include="mutex.cpp">
      <Filter>源文件\serviceImpl\mutex</Filter>
    </ClCompile>
    <ClCompile Include="cspService.cpp">
      <Filter>源文件\serviceImpl\method</Filter>
    </ClCompile>
    <ClCompile Include="stdafx.cpp">
      <Filter>源文件\baseImpl\sys</Filter>
    </ClCompile>
    <ClCompile Include="dllmain.cpp">
      <Filter>源文件\baseImpl\main</Filter>
    </ClCompile>
    <ClCompile Include="cspInterface.cpp">
      <Filter>源文件\baseImpl\main</Filter>
    </ClCompile>
  </ItemGroup>
  <ItemGroup>
    <None Include="Source.def">
      <Filter>源文件</Filter>
    </None>
  </ItemGroup>
</Project>